// !$*UTF8*$!
{
	archiveVersion = 1;
	classes = {
	};
	objectVersion = 50;
	objects = {

/* Begin PBXBuildFile section */
		1F47E49322C97ADF00F29911 /* AppDelegate.swift in Sources */ = {isa = PBXBuildFile; fileRef = 1F47E49222C97ADF00F29911 /* AppDelegate.swift */; };
		1F47E49522C97ADF00F29911 /* SceneDelegate.swift in Sources */ = {isa = PBXBuildFile; fileRef = 1F47E49422C97ADF00F29911 /* SceneDelegate.swift */; };
		1F47E49822C97ADF00F29911 /* Landmarks.xcdatamodeld in Sources */ = {isa = PBXBuildFile; fileRef = 1F47E49622C97ADF00F29911 /* Landmarks.xcdatamodeld */; };
		1F47E49A22C97ADF00F29911 /* LandmarkDetail.swift in Sources */ = {isa = PBXBuildFile; fileRef = 1F47E49922C97ADF00F29911 /* LandmarkDetail.swift */; };
		1F47E49C22C97AE300F29911 /* Assets.xcassets in Resources */ = {isa = PBXBuildFile; fileRef = 1F47E49B22C97AE300F29911 /* Assets.xcassets */; };
		1F47E49F22C97AE300F29911 /* Preview Assets.xcassets in Resources */ = {isa = PBXBuildFile; fileRef = 1F47E49E22C97AE300F29911 /* Preview Assets.xcassets */; };
		1F47E4A222C97AE300F29911 /* LaunchScreen.storyboard in Resources */ = {isa = PBXBuildFile; fileRef = 1F47E4A022C97AE300F29911 /* LaunchScreen.storyboard */; };
		1F47E4AD22C97AE300F29911 /* LandmarksTests.swift in Sources */ = {isa = PBXBuildFile; fileRef = 1F47E4AC22C97AE300F29911 /* LandmarksTests.swift */; };
		1F47E4B822C97AE300F29911 /* LandmarksUITests.swift in Sources */ = {isa = PBXBuildFile; fileRef = 1F47E4B722C97AE300F29911 /* LandmarksUITests.swift */; };
		1F47E4C622C97B5D00F29911 /* Colors.xcassets in Resources */ = {isa = PBXBuildFile; fileRef = 1F47E4C522C97B5D00F29911 /* Colors.xcassets */; };
		1F47E4C922C97DBA00F29911 /* CircleImage.swift in Sources */ = {isa = PBXBuildFile; fileRef = 1F47E4C822C97DBA00F29911 /* CircleImage.swift */; };
		1F47E4CB22C97EC200F29911 /* MapView.swift in Sources */ = {isa = PBXBuildFile; fileRef = 1F47E4CA22C97EC200F29911 /* MapView.swift */; };
		1F47E4CF22C987CF00F29911 /* Landmark.swift in Sources */ = {isa = PBXBuildFile; fileRef = 1F47E4CE22C987CF00F29911 /* Landmark.swift */; };
		1F47E4E122C989AE00F29911 /* turtlerock.jpg in Resources */ = {isa = PBXBuildFile; fileRef = 1F47E4D422C989AD00F29911 /* turtlerock.jpg */; };
		1F47E4E222C989AE00F29911 /* silversalmoncreek.jpg in Resources */ = {isa = PBXBuildFile; fileRef = 1F47E4D522C989AD00F29911 /* silversalmoncreek.jpg */; };
		1F47E4E322C989AE00F29911 /* icybay.jpg in Resources */ = {isa = PBXBuildFile; fileRef = 1F47E4D622C989AD00F29911 /* icybay.jpg */; };
		1F47E4E422C989AE00F29911 /* lakemcdonald.jpg in Resources */ = {isa = PBXBuildFile; fileRef = 1F47E4D722C989AD00F29911 /* lakemcdonald.jpg */; };
		1F47E4E522C989AE00F29911 /* hiddenlake.jpg in Resources */ = {isa = PBXBuildFile; fileRef = 1F47E4D822C989AD00F29911 /* hiddenlake.jpg */; };
		1F47E4E622C989AE00F29911 /* twinlake.jpg in Resources */ = {isa = PBXBuildFile; fileRef = 1F47E4D922C989AE00F29911 /* twinlake.jpg */; };
		1F47E4E722C989AE00F29911 /* umbagog.jpg in Resources */ = {isa = PBXBuildFile; fileRef = 1F47E4DA22C989AE00F29911 /* umbagog.jpg */; };
		1F47E4E822C989AE00F29911 /* landmarkData.json in Resources */ = {isa = PBXBuildFile; fileRef = 1F47E4DB22C989AE00F29911 /* landmarkData.json */; };
		1F47E4E922C989AE00F29911 /* chincoteague.jpg in Resources */ = {isa = PBXBuildFile; fileRef = 1F47E4DC22C989AE00F29911 /* chincoteague.jpg */; };
		1F47E4EA22C989AE00F29911 /* yukon_charleyrivers.jpg in Resources */ = {isa = PBXBuildFile; fileRef = 1F47E4DD22C989AE00F29911 /* yukon_charleyrivers.jpg */; };
		1F47E4EB22C989AE00F29911 /* stmarylake.jpg in Resources */ = {isa = PBXBuildFile; fileRef = 1F47E4DE22C989AE00F29911 /* stmarylake.jpg */; };
		1F47E4EC22C989AE00F29911 /* chilkoottrail.jpg in Resources */ = {isa = PBXBuildFile; fileRef = 1F47E4DF22C989AE00F29911 /* chilkoottrail.jpg */; };
		1F47E4ED22C989AE00F29911 /* rainbowlake.jpg in Resources */ = {isa = PBXBuildFile; fileRef = 1F47E4E022C989AE00F29911 /* rainbowlake.jpg */; };
		1F47E4EF22C989CD00F29911 /* Data.swift in Sources */ = {isa = PBXBuildFile; fileRef = 1F47E4EE22C989CD00F29911 /* Data.swift */; };
		1F47E4F122C98AFE00F29911 /* LandmarkRow.swift in Sources */ = {isa = PBXBuildFile; fileRef = 1F47E4F022C98AFE00F29911 /* LandmarkRow.swift */; };
		1F47E4F322C9929900F29911 /* LandmarkList.swift in Sources */ = {isa = PBXBuildFile; fileRef = 1F47E4F222C9929900F29911 /* LandmarkList.swift */; };
		1FDB948022D15291005107A6 /* charleyrivers.jpg in Resources */ = {isa = PBXBuildFile; fileRef = 1FDB947F22D15291005107A6 /* charleyrivers.jpg */; };
/* End PBXBuildFile section */

/* Begin PBXContainerItemProxy section */
		1F47E4A922C97AE300F29911 /* PBXContainerItemProxy */ = {
			isa = PBXContainerItemProxy;
			containerPortal = 1F47E48722C97ADF00F29911 /* Project object */;
			proxyType = 1;
			remoteGlobalIDString = 1F47E48E22C97ADF00F29911;
			remoteInfo = Landmarks;
		};
		1F47E4B422C97AE300F29911 /* PBXContainerItemProxy */ = {
			isa = PBXContainerItemProxy;
			containerPortal = 1F47E48722C97ADF00F29911 /* Project object */;
			proxyType = 1;
			remoteGlobalIDString = 1F47E48E22C97ADF00F29911;
			remoteInfo = Landmarks;
		};
/* End PBXContainerItemProxy section */

/* Begin PBXFileReference section */
		1F47E48F22C97ADF00F29911 /* Landmarks.app */ = {isa = PBXFileReference; explicitFileType = wrapper.application; includeInIndex = 0; path = Landmarks.app; sourceTree = BUILT_PRODUCTS_DIR; };
		1F47E49222C97ADF00F29911 /* AppDelegate.swift */ = {isa = PBXFileReference; lastKnownFileType = sourcecode.swift; path = AppDelegate.swift; sourceTree = "<group>"; };
		1F47E49422C97ADF00F29911 /* SceneDelegate.swift */ = {isa = PBXFileReference; lastKnownFileType = sourcecode.swift; path = SceneDelegate.swift; sourceTree = "<group>"; };
		1F47E49722C97ADF00F29911 /* Landmarks.xcdatamodel */ = {isa = PBXFileReference; lastKnownFileType = wrapper.xcdatamodel; path = Landmarks.xcdatamodel; sourceTree = "<group>"; };
		1F47E49922C97ADF00F29911 /* LandmarkDetail.swift */ = {isa = PBXFileReference; lastKnownFileType = sourcecode.swift; path = LandmarkDetail.swift; sourceTree = "<group>"; };
		1F47E49B22C97AE300F29911 /* Assets.xcassets */ = {isa = PBXFileReference; lastKnownFileType = folder.assetcatalog; path = Assets.xcassets; sourceTree = "<group>"; };
		1F47E49E22C97AE300F29911 /* Preview Assets.xcassets */ = {isa = PBXFileReference; lastKnownFileType = folder.assetcatalog; path = "Preview Assets.xcassets"; sourceTree = "<group>"; };
		1F47E4A122C97AE300F29911 /* Base */ = {isa = PBXFileReference; lastKnownFileType = file.storyboard; name = Base; path = Base.lproj/LaunchScreen.storyboard; sourceTree = "<group>"; };
		1F47E4A322C97AE300F29911 /* Info.plist */ = {isa = PBXFileReference; lastKnownFileType = text.plist.xml; path = Info.plist; sourceTree = "<group>"; };
		1F47E4A822C97AE300F29911 /* LandmarksTests.xctest */ = {isa = PBXFileReference; explicitFileType = wrapper.cfbundle; includeInIndex = 0; path = LandmarksTests.xctest; sourceTree = BUILT_PRODUCTS_DIR; };
		1F47E4AC22C97AE300F29911 /* LandmarksTests.swift */ = {isa = PBXFileReference; lastKnownFileType = sourcecode.swift; path = LandmarksTests.swift; sourceTree = "<group>"; };
		1F47E4AE22C97AE300F29911 /* Info.plist */ = {isa = PBXFileReference; lastKnownFileType = text.plist.xml; path = Info.plist; sourceTree = "<group>"; };
		1F47E4B322C97AE300F29911 /* LandmarksUITests.xctest */ = {isa = PBXFileReference; explicitFileType = wrapper.cfbundle; includeInIndex = 0; path = LandmarksUITests.xctest; sourceTree = BUILT_PRODUCTS_DIR; };
		1F47E4B722C97AE300F29911 /* LandmarksUITests.swift */ = {isa = PBXFileReference; lastKnownFileType = sourcecode.swift; path = LandmarksUITests.swift; sourceTree = "<group>"; };
		1F47E4B922C97AE300F29911 /* Info.plist */ = {isa = PBXFileReference; lastKnownFileType = text.plist.xml; path = Info.plist; sourceTree = "<group>"; };
		1F47E4C522C97B5D00F29911 /* Colors.xcassets */ = {isa = PBXFileReference; lastKnownFileType = folder.assetcatalog; path = Colors.xcassets; sourceTree = "<group>"; };
		1F47E4C822C97DBA00F29911 /* CircleImage.swift */ = {isa = PBXFileReference; lastKnownFileType = sourcecode.swift; path = CircleImage.swift; sourceTree = "<group>"; };
		1F47E4CA22C97EC200F29911 /* MapView.swift */ = {isa = PBXFileReference; lastKnownFileType = sourcecode.swift; path = MapView.swift; sourceTree = "<group>"; };
		1F47E4CE22C987CF00F29911 /* Landmark.swift */ = {isa = PBXFileReference; lastKnownFileType = sourcecode.swift; path = Landmark.swift; sourceTree = "<group>"; };
		1F47E4D422C989AD00F29911 /* turtlerock.jpg */ = {isa = PBXFileReference; lastKnownFileType = image.jpeg; path = turtlerock.jpg; sourceTree = "<group>"; };
		1F47E4D522C989AD00F29911 /* silversalmoncreek.jpg */ = {isa = PBXFileReference; lastKnownFileType = image.jpeg; path = silversalmoncreek.jpg; sourceTree = "<group>"; };
		1F47E4D622C989AD00F29911 /* icybay.jpg */ = {isa = PBXFileReference; lastKnownFileType = image.jpeg; path = icybay.jpg; sourceTree = "<group>"; };
		1F47E4D722C989AD00F29911 /* lakemcdonald.jpg */ = {isa = PBXFileReference; lastKnownFileType = image.jpeg; path = lakemcdonald.jpg; sourceTree = "<group>"; };
		1F47E4D822C989AD00F29911 /* hiddenlake.jpg */ = {isa = PBXFileReference; lastKnownFileType = image.jpeg; path = hiddenlake.jpg; sourceTree = "<group>"; };
		1F47E4D922C989AE00F29911 /* twinlake.jpg */ = {isa = PBXFileReference; lastKnownFileType = image.jpeg; path = twinlake.jpg; sourceTree = "<group>"; };
		1F47E4DA22C989AE00F29911 /* umbagog.jpg */ = {isa = PBXFileReference; lastKnownFileType = image.jpeg; path = umbagog.jpg; sourceTree = "<group>"; };
		1F47E4DB22C989AE00F29911 /* landmarkData.json */ = {isa = PBXFileReference; fileEncoding = 4; lastKnownFileType = text.json; path = landmarkData.json; sourceTree = "<group>"; };
		1F47E4DC22C989AE00F29911 /* chincoteague.jpg */ = {isa = PBXFileReference; lastKnownFileType = image.jpeg; path = chincoteague.jpg; sourceTree = "<group>"; };
		1F47E4DD22C989AE00F29911 /* yukon_charleyrivers.jpg */ = {isa = PBXFileReference; lastKnownFileType = image.jpeg; path = yukon_charleyrivers.jpg; sourceTree = "<group>"; };
		1F47E4DE22C989AE00F29911 /* stmarylake.jpg */ = {isa = PBXFileReference; lastKnownFileType = image.jpeg; path = stmarylake.jpg; sourceTree = "<group>"; };
		1F47E4DF22C989AE00F29911 /* chilkoottrail.jpg */ = {isa = PBXFileReference; lastKnownFileType = image.jpeg; path = chilkoottrail.jpg; sourceTree = "<group>"; };
		1F47E4E022C989AE00F29911 /* rainbowlake.jpg */ = {isa = PBXFileReference; lastKnownFileType = image.jpeg; path = rainbowlake.jpg; sourceTree = "<group>"; };
		1F47E4EE22C989CD00F29911 /* Data.swift */ = {isa = PBXFileReference; fileEncoding = 4; lastKnownFileType = sourcecode.swift; path = Data.swift; sourceTree = "<group>"; };
		1F47E4F022C98AFE00F29911 /* LandmarkRow.swift */ = {isa = PBXFileReference; lastKnownFileType = sourcecode.swift; path = LandmarkRow.swift; sourceTree = "<group>"; };
		1F47E4F222C9929900F29911 /* LandmarkList.swift */ = {isa = PBXFileReference; lastKnownFileType = sourcecode.swift; path = LandmarkList.swift; sourceTree = "<group>"; };
		1FDB947F22D15291005107A6 /* charleyrivers.jpg */ = {isa = PBXFileReference; lastKnownFileType = image.jpeg; path = charleyrivers.jpg; sourceTree = "<group>"; };
/* End PBXFileReference section */

/* Begin PBXFrameworksBuildPhase section */
		1F47E48C22C97ADF00F29911 /* Frameworks */ = {
			isa = PBXFrameworksBuildPhase;
			buildActionMask = 2147483647;
			files = (
			);
			runOnlyForDeploymentPostprocessing = 0;
		};
		1F47E4A522C97AE300F29911 /* Frameworks */ = {
			isa = PBXFrameworksBuildPhase;
			buildActionMask = 2147483647;
			files = (
			);
			runOnlyForDeploymentPostprocessing = 0;
		};
		1F47E4B022C97AE300F29911 /* Frameworks */ = {
			isa = PBXFrameworksBuildPhase;
			buildActionMask = 2147483647;
			files = (
			);
			runOnlyForDeploymentPostprocessing = 0;
		};
/* End PBXFrameworksBuildPhase section */

/* Begin PBXGroup section */
		1F47E48622C97ADF00F29911 = {
			isa = PBXGroup;
			children = (
				1F47E49122C97ADF00F29911 /* Landmarks */,
				1F47E4AB22C97AE300F29911 /* LandmarksTests */,
				1F47E4B622C97AE300F29911 /* LandmarksUITests */,
				1F47E49022C97ADF00F29911 /* Products */,
			);
			sourceTree = "<group>";
		};
		1F47E49022C97ADF00F29911 /* Products */ = {
			isa = PBXGroup;
			children = (
				1F47E48F22C97ADF00F29911 /* Landmarks.app */,
				1F47E4A822C97AE300F29911 /* LandmarksTests.xctest */,
				1F47E4B322C97AE300F29911 /* LandmarksUITests.xctest */,
			);
			name = Products;
			sourceTree = "<group>";
		};
		1F47E49122C97ADF00F29911 /* Landmarks */ = {
			isa = PBXGroup;
			children = (
				1F47E4D322C989AD00F29911 /* Resources */,
				1F47E4CD22C987BC00F29911 /* Models */,
				1F47E4C722C97DA700F29911 /* Views */,
				1F47E49222C97ADF00F29911 /* AppDelegate.swift */,
				1F47E49422C97ADF00F29911 /* SceneDelegate.swift */,
				1F47E49B22C97AE300F29911 /* Assets.xcassets */,
				1F47E4C522C97B5D00F29911 /* Colors.xcassets */,
				1F47E4A022C97AE300F29911 /* LaunchScreen.storyboard */,
				1F47E4A322C97AE300F29911 /* Info.plist */,
				1F47E49622C97ADF00F29911 /* Landmarks.xcdatamodeld */,
				1F47E49D22C97AE300F29911 /* Preview Content */,
			);
			path = Landmarks;
			sourceTree = "<group>";
		};
		1F47E49D22C97AE300F29911 /* Preview Content */ = {
			isa = PBXGroup;
			children = (
				1F47E49E22C97AE300F29911 /* Preview Assets.xcassets */,
			);
			path = "Preview Content";
			sourceTree = "<group>";
		};
		1F47E4AB22C97AE300F29911 /* LandmarksTests */ = {
			isa = PBXGroup;
			children = (
				1F47E4AC22C97AE300F29911 /* LandmarksTests.swift */,
				1F47E4AE22C97AE300F29911 /* Info.plist */,
			);
			path = LandmarksTests;
			sourceTree = "<group>";
		};
		1F47E4B622C97AE300F29911 /* LandmarksUITests */ = {
			isa = PBXGroup;
			children = (
				1F47E4B722C97AE300F29911 /* LandmarksUITests.swift */,
				1F47E4B922C97AE300F29911 /* Info.plist */,
			);
			path = LandmarksUITests;
			sourceTree = "<group>";
		};
		1F47E4C722C97DA700F29911 /* Views */ = {
			isa = PBXGroup;
			children = (
				1F47E49922C97ADF00F29911 /* LandmarkDetail.swift */,
				1F47E4C822C97DBA00F29911 /* CircleImage.swift */,
				1F47E4CA22C97EC200F29911 /* MapView.swift */,
				1F47E4F022C98AFE00F29911 /* LandmarkRow.swift */,
				1F47E4F222C9929900F29911 /* LandmarkList.swift */,
			);
			path = Views;
			sourceTree = "<group>";
		};
		1F47E4CD22C987BC00F29911 /* Models */ = {
			isa = PBXGroup;
			children = (
				1F47E4EE22C989CD00F29911 /* Data.swift */,
				1F47E4CE22C987CF00F29911 /* Landmark.swift */,
			);
			path = Models;
			sourceTree = "<group>";
		};
		1F47E4D322C989AD00F29911 /* Resources */ = {
			isa = PBXGroup;
			children = (
				1FDB947F22D15291005107A6 /* charleyrivers.jpg */,
				1F47E4D422C989AD00F29911 /* turtlerock.jpg */,
				1F47E4D522C989AD00F29911 /* silversalmoncreek.jpg */,
				1F47E4D622C989AD00F29911 /* icybay.jpg */,
				1F47E4D722C989AD00F29911 /* lakemcdonald.jpg */,
				1F47E4D822C989AD00F29911 /* hiddenlake.jpg */,
				1F47E4D922C989AE00F29911 /* twinlake.jpg */,
				1F47E4DA22C989AE00F29911 /* umbagog.jpg */,
				1F47E4DB22C989AE00F29911 /* landmarkData.json */,
				1F47E4DC22C989AE00F29911 /* chincoteague.jpg */,
				1F47E4DD22C989AE00F29911 /* yukon_charleyrivers.jpg */,
				1F47E4DE22C989AE00F29911 /* stmarylake.jpg */,
				1F47E4DF22C989AE00F29911 /* chilkoottrail.jpg */,
				1F47E4E022C989AE00F29911 /* rainbowlake.jpg */,
			);
			path = Resources;
			sourceTree = "<group>";
		};
/* End PBXGroup section */

/* Begin PBXNativeTarget section */
		1F47E48E22C97ADF00F29911 /* Landmarks */ = {
			isa = PBXNativeTarget;
			buildConfigurationList = 1F47E4BC22C97AE300F29911 /* Build configuration list for PBXNativeTarget "Landmarks" */;
			buildPhases = (
				1F47E48B22C97ADF00F29911 /* Sources */,
				1F47E48C22C97ADF00F29911 /* Frameworks */,
				1F47E48D22C97ADF00F29911 /* Resources */,
			);
			buildRules = (
			);
			dependencies = (
			);
			name = Landmarks;
			productName = Landmarks;
			productReference = 1F47E48F22C97ADF00F29911 /* Landmarks.app */;
			productType = "com.apple.product-type.application";
		};
		1F47E4A722C97AE300F29911 /* LandmarksTests */ = {
			isa = PBXNativeTarget;
			buildConfigurationList = 1F47E4BF22C97AE300F29911 /* Build configuration list for PBXNativeTarget "LandmarksTests" */;
			buildPhases = (
				1F47E4A422C97AE300F29911 /* Sources */,
				1F47E4A522C97AE300F29911 /* Frameworks */,
				1F47E4A622C97AE300F29911 /* Resources */,
			);
			buildRules = (
			);
			dependencies = (
				1F47E4AA22C97AE300F29911 /* PBXTargetDependency */,
			);
			name = LandmarksTests;
			productName = LandmarksTests;
			productReference = 1F47E4A822C97AE300F29911 /* LandmarksTests.xctest */;
			productType = "com.apple.product-type.bundle.unit-test";
		};
		1F47E4B222C97AE300F29911 /* LandmarksUITests */ = {
			isa = PBXNativeTarget;
			buildConfigurationList = 1F47E4C222C97AE300F29911 /* Build configuration list for PBXNativeTarget "LandmarksUITests" */;
			buildPhases = (
				1F47E4AF22C97AE300F29911 /* Sources */,
				1F47E4B022C97AE300F29911 /* Frameworks */,
				1F47E4B122C97AE300F29911 /* Resources */,
			);
			buildRules = (
			);
			dependencies = (
				1F47E4B522C97AE300F29911 /* PBXTargetDependency */,
			);
			name = LandmarksUITests;
			productName = LandmarksUITests;
			productReference = 1F47E4B322C97AE300F29911 /* LandmarksUITests.xctest */;
			productType = "com.apple.product-type.bundle.ui-testing";
		};
/* End PBXNativeTarget section */

/* Begin PBXProject section */
		1F47E48722C97ADF00F29911 /* Project object */ = {
			isa = PBXProject;
			attributes = {
				LastSwiftUpdateCheck = 1100;
				LastUpgradeCheck = 1100;
				ORGANIZATIONNAME = "Jeff Small";
				TargetAttributes = {
					1F47E48E22C97ADF00F29911 = {
						CreatedOnToolsVersion = 11.0;
					};
					1F47E4A722C97AE300F29911 = {
						CreatedOnToolsVersion = 11.0;
						TestTargetID = 1F47E48E22C97ADF00F29911;
					};
					1F47E4B222C97AE300F29911 = {
						CreatedOnToolsVersion = 11.0;
						TestTargetID = 1F47E48E22C97ADF00F29911;
					};
				};
			};
			buildConfigurationList = 1F47E48A22C97ADF00F29911 /* Build configuration list for PBXProject "Landmarks" */;
			compatibilityVersion = "Xcode 9.3";
			developmentRegion = en;
			hasScannedForEncodings = 0;
			knownRegions = (
				en,
				Base,
			);
			mainGroup = 1F47E48622C97ADF00F29911;
			productRefGroup = 1F47E49022C97ADF00F29911 /* Products */;
			projectDirPath = "";
			projectRoot = "";
			targets = (
				1F47E48E22C97ADF00F29911 /* Landmarks */,
				1F47E4A722C97AE300F29911 /* LandmarksTests */,
				1F47E4B222C97AE300F29911 /* LandmarksUITests */,
			);
		};
/* End PBXProject section */

/* Begin PBXResourcesBuildPhase section */
		1F47E48D22C97ADF00F29911 /* Resources */ = {
			isa = PBXResourcesBuildPhase;
			buildActionMask = 2147483647;
			files = (
				1F47E4EA22C989AE00F29911 /* yukon_charleyrivers.jpg in Resources */,
				1F47E4A222C97AE300F29911 /* LaunchScreen.storyboard in Resources */,
				1F47E4C622C97B5D00F29911 /* Colors.xcassets in Resources */,
				1FDB948022D15291005107A6 /* charleyrivers.jpg in Resources */,
				1F47E49F22C97AE300F29911 /* Preview Assets.xcassets in Resources */,
				1F47E4E222C989AE00F29911 /* silversalmoncreek.jpg in Resources */,
				1F47E49C22C97AE300F29911 /* Assets.xcassets in Resources */,
				1F47E4EB22C989AE00F29911 /* stmarylake.jpg in Resources */,
				1F47E4E922C989AE00F29911 /* chincoteague.jpg in Resources */,
				1F47E4E822C989AE00F29911 /* landmarkData.json in Resources */,
				1F47E4EC22C989AE00F29911 /* chilkoottrail.jpg in Resources */,
				1F47E4E322C989AE00F29911 /* icybay.jpg in Resources */,
				1F47E4E622C989AE00F29911 /* twinlake.jpg in Resources */,
				1F47E4E422C989AE00F29911 /* lakemcdonald.jpg in Resources */,
				1F47E4E522C989AE00F29911 /* hiddenlake.jpg in Resources */,
				1F47E4E722C989AE00F29911 /* umbagog.jpg in Resources */,
				1F47E4E122C989AE00F29911 /* turtlerock.jpg in Resources */,
				1F47E4ED22C989AE00F29911 /* rainbowlake.jpg in Resources */,
			);
			runOnlyForDeploymentPostprocessing = 0;
		};
		1F47E4A622C97AE300F29911 /* Resources */ = {
			isa = PBXResourcesBuildPhase;
			buildActionMask = 2147483647;
			files = (
			);
			runOnlyForDeploymentPostprocessing = 0;
		};
		1F47E4B122C97AE300F29911 /* Resources */ = {
			isa = PBXResourcesBuildPhase;
			buildActionMask = 2147483647;
			files = (
			);
			runOnlyForDeploymentPostprocessing = 0;
		};
/* End PBXResourcesBuildPhase section */

/* Begin PBXSourcesBuildPhase section */
		1F47E48B22C97ADF00F29911 /* Sources */ = {
			isa = PBXSourcesBuildPhase;
			buildActionMask = 2147483647;
			files = (
				1F47E4CF22C987CF00F29911 /* Landmark.swift in Sources */,
				1F47E49322C97ADF00F29911 /* AppDelegate.swift in Sources */,
				1F47E4CB22C97EC200F29911 /* MapView.swift in Sources */,
				1F47E49522C97ADF00F29911 /* SceneDelegate.swift in Sources */,
				1F47E49A22C97ADF00F29911 /* LandmarkDetail.swift in Sources */,
				1F47E49822C97ADF00F29911 /* Landmarks.xcdatamodeld in Sources */,
				1F47E4C922C97DBA00F29911 /* CircleImage.swift in Sources */,
				1F47E4EF22C989CD00F29911 /* Data.swift in Sources */,
				1F47E4F122C98AFE00F29911 /* LandmarkRow.swift in Sources */,
				1F47E4F322C9929900F29911 /* LandmarkList.swift in Sources */,
			);
			runOnlyForDeploymentPostprocessing = 0;
		};
		1F47E4A422C97AE300F29911 /* Sources */ = {
			isa = PBXSourcesBuildPhase;
			buildActionMask = 2147483647;
			files = (
				1F47E4AD22C97AE300F29911 /* LandmarksTests.swift in Sources */,
			);
			runOnlyForDeploymentPostprocessing = 0;
		};
		1F47E4AF22C97AE300F29911 /* Sources */ = {
			isa = PBXSourcesBuildPhase;
			buildActionMask = 2147483647;
			files = (
				1F47E4B822C97AE300F29911 /* LandmarksUITests.swift in Sources */,
			);
			runOnlyForDeploymentPostprocessing = 0;
		};
/* End PBXSourcesBuildPhase section */

/* Begin PBXTargetDependency section */
		1F47E4AA22C97AE300F29911 /* PBXTargetDependency */ = {
			isa = PBXTargetDependency;
			target = 1F47E48E22C97ADF00F29911 /* Landmarks */;
			targetProxy = 1F47E4A922C97AE300F29911 /* PBXContainerItemProxy */;
		};
		1F47E4B522C97AE300F29911 /* PBXTargetDependency */ = {
			isa = PBXTargetDependency;
			target = 1F47E48E22C97ADF00F29911 /* Landmarks */;
			targetProxy = 1F47E4B422C97AE300F29911 /* PBXContainerItemProxy */;
		};
/* End PBXTargetDependency section */

/* Begin PBXVariantGroup section */
		1F47E4A022C97AE300F29911 /* LaunchScreen.storyboard */ = {
			isa = PBXVariantGroup;
			children = (
				1F47E4A122C97AE300F29911 /* Base */,
			);
			name = LaunchScreen.storyboard;
			sourceTree = "<group>";
		};
/* End PBXVariantGroup section */

/* Begin XCBuildConfiguration section */
		1F47E4BA22C97AE300F29911 /* Debug */ = {
			isa = XCBuildConfiguration;
			buildSettings = {
				ALWAYS_SEARCH_USER_PATHS = NO;
				CLANG_ANALYZER_NONNULL = YES;
				CLANG_ANALYZER_NUMBER_OBJECT_CONVERSION = YES_AGGRESSIVE;
				CLANG_CXX_LANGUAGE_STANDARD = "gnu++14";
				CLANG_CXX_LIBRARY = "libc++";
				CLANG_ENABLE_MODULES = YES;
				CLANG_ENABLE_OBJC_ARC = YES;
				CLANG_ENABLE_OBJC_WEAK = YES;
				CLANG_WARN_BLOCK_CAPTURE_AUTORELEASING = YES;
				CLANG_WARN_BOOL_CONVERSION = YES;
				CLANG_WARN_COMMA = YES;
				CLANG_WARN_CONSTANT_CONVERSION = YES;
				CLANG_WARN_DEPRECATED_OBJC_IMPLEMENTATIONS = YES;
				CLANG_WARN_DIRECT_OBJC_ISA_USAGE = YES_ERROR;
				CLANG_WARN_DOCUMENTATION_COMMENTS = YES;
				CLANG_WARN_EMPTY_BODY = YES;
				CLANG_WARN_ENUM_CONVERSION = YES;
				CLANG_WARN_INFINITE_RECURSION = YES;
				CLANG_WARN_INT_CONVERSION = YES;
				CLANG_WARN_NON_LITERAL_NULL_CONVERSION = YES;
				CLANG_WARN_OBJC_IMPLICIT_RETAIN_SELF = YES;
				CLANG_WARN_OBJC_LITERAL_CONVERSION = YES;
				CLANG_WARN_OBJC_ROOT_CLASS = YES_ERROR;
				CLANG_WARN_RANGE_LOOP_ANALYSIS = YES;
				CLANG_WARN_STRICT_PROTOTYPES = YES;
				CLANG_WARN_SUSPICIOUS_MOVE = YES;
				CLANG_WARN_UNGUARDED_AVAILABILITY = YES_AGGRESSIVE;
				CLANG_WARN_UNREACHABLE_CODE = YES;
				CLANG_WARN__DUPLICATE_METHOD_MATCH = YES;
				COPY_PHASE_STRIP = NO;
				DEBUG_INFORMATION_FORMAT = dwarf;
				ENABLE_STRICT_OBJC_MSGSEND = YES;
				ENABLE_TESTABILITY = YES;
				GCC_C_LANGUAGE_STANDARD = gnu11;
				GCC_DYNAMIC_NO_PIC = NO;
				GCC_NO_COMMON_BLOCKS = YES;
				GCC_OPTIMIZATION_LEVEL = 0;
				GCC_PREPROCESSOR_DEFINITIONS = (
					"DEBUG=1",
					"$(inherited)",
				);
				GCC_WARN_64_TO_32_BIT_CONVERSION = YES;
				GCC_WARN_ABOUT_RETURN_TYPE = YES_ERROR;
				GCC_WARN_UNDECLARED_SELECTOR = YES;
				GCC_WARN_UNINITIALIZED_AUTOS = YES_AGGRESSIVE;
				GCC_WARN_UNUSED_FUNCTION = YES;
				GCC_WARN_UNUSED_VARIABLE = YES;
				IPHONEOS_DEPLOYMENT_TARGET = 13.0;
				MTL_ENABLE_DEBUG_INFO = INCLUDE_SOURCE;
				MTL_FAST_MATH = YES;
				ONLY_ACTIVE_ARCH = YES;
				SDKROOT = iphoneos;
				SWIFT_ACTIVE_COMPILATION_CONDITIONS = DEBUG;
				SWIFT_OPTIMIZATION_LEVEL = "-Onone";
			};
			name = Debug;
		};
		1F47E4BB22C97AE300F29911 /* Release */ = {
			isa = XCBuildConfiguration;
			buildSettings = {
				ALWAYS_SEARCH_USER_PATHS = NO;
				CLANG_ANALYZER_NONNULL = YES;
				CLANG_ANALYZER_NUMBER_OBJECT_CONVERSION = YES_AGGRESSIVE;
				CLANG_CXX_LANGUAGE_STANDARD = "gnu++14";
				CLANG_CXX_LIBRARY = "libc++";
				CLANG_ENABLE_MODULES = YES;
				CLANG_ENABLE_OBJC_ARC = YES;
				CLANG_ENABLE_OBJC_WEAK = YES;
				CLANG_WARN_BLOCK_CAPTURE_AUTORELEASING = YES;
				CLANG_WARN_BOOL_CONVERSION = YES;
				CLANG_WARN_COMMA = YES;
				CLANG_WARN_CONSTANT_CONVERSION = YES;
				CLANG_WARN_DEPRECATED_OBJC_IMPLEMENTATIONS = YES;
				CLANG_WARN_DIRECT_OBJC_ISA_USAGE = YES_ERROR;
				CLANG_WARN_DOCUMENTATION_COMMENTS = YES;
				CLANG_WARN_EMPTY_BODY = YES;
				CLANG_WARN_ENUM_CONVERSION = YES;
				CLANG_WARN_INFINITE_RECURSION = YES;
				CLANG_WARN_INT_CONVERSION = YES;
				CLANG_WARN_NON_LITERAL_NULL_CONVERSION = YES;
				CLANG_WARN_OBJC_IMPLICIT_RETAIN_SELF = YES;
				CLANG_WARN_OBJC_LITERAL_CONVERSION = YES;
				CLANG_WARN_OBJC_ROOT_CLASS = YES_ERROR;
				CLANG_WARN_RANGE_LOOP_ANALYSIS = YES;
				CLANG_WARN_STRICT_PROTOTYPES = YES;
				CLANG_WARN_SUSPICIOUS_MOVE = YES;
				CLANG_WARN_UNGUARDED_AVAILABILITY = YES_AGGRESSIVE;
				CLANG_WARN_UNREACHABLE_CODE = YES;
				CLANG_WARN__DUPLICATE_METHOD_MATCH = YES;
				COPY_PHASE_STRIP = NO;
				DEBUG_INFORMATION_FORMAT = "dwarf-with-dsym";
				ENABLE_NS_ASSERTIONS = NO;
				ENABLE_STRICT_OBJC_MSGSEND = YES;
				GCC_C_LANGUAGE_STANDARD = gnu11;
				GCC_NO_COMMON_BLOCKS = YES;
				GCC_WARN_64_TO_32_BIT_CONVERSION = YES;
				GCC_WARN_ABOUT_RETURN_TYPE = YES_ERROR;
				GCC_WARN_UNDECLARED_SELECTOR = YES;
				GCC_WARN_UNINITIALIZED_AUTOS = YES_AGGRESSIVE;
				GCC_WARN_UNUSED_FUNCTION = YES;
				GCC_WARN_UNUSED_VARIABLE = YES;
				IPHONEOS_DEPLOYMENT_TARGET = 13.0;
				MTL_ENABLE_DEBUG_INFO = NO;
				MTL_FAST_MATH = YES;
				SDKROOT = iphoneos;
				SWIFT_COMPILATION_MODE = wholemodule;
				SWIFT_OPTIMIZATION_LEVEL = "-O";
				VALIDATE_PRODUCT = YES;
			};
			name = Release;
		};
		1F47E4BD22C97AE300F29911 /* Debug */ = {
			isa = XCBuildConfiguration;
			buildSettings = {
				ASSETCATALOG_COMPILER_APPICON_NAME = AppIcon;
				CODE_SIGN_STYLE = Automatic;
				DEVELOPMENT_ASSET_PATHS = "Landmarks/Preview\\ Content";
				DEVELOPMENT_TEAM = GDP24D6J8J;
				ENABLE_PREVIEWS = YES;
				INFOPLIST_FILE = Landmarks/Info.plist;
				LD_RUNPATH_SEARCH_PATHS = (
					"$(inherited)",
					"@executable_path/Frameworks",
				);
				PRODUCT_BUNDLE_IDENTIFIER = com.small.jeff.Landmarks;
				PRODUCT_NAME = "$(TARGET_NAME)";
				SWIFT_VERSION = 5.0;
				TARGETED_DEVICE_FAMILY = "1,2";
			};
			name = Debug;
		};
		1F47E4BE22C97AE300F29911 /* Release */ = {
			isa = XCBuildConfiguration;
			buildSettings = {
				ASSETCATALOG_COMPILER_APPICON_NAME = AppIcon;
				CODE_SIGN_STYLE = Automatic;
				DEVELOPMENT_ASSET_PATHS = "Landmarks/Preview\\ Content";
				DEVELOPMENT_TEAM = GDP24D6J8J;
				ENABLE_PREVIEWS = YES;
				INFOPLIST_FILE = Landmarks/Info.plist;
				LD_RUNPATH_SEARCH_PATHS = (
					"$(inherited)",
					"@executable_path/Frameworks",
				);
				PRODUCT_BUNDLE_IDENTIFIER = com.small.jeff.Landmarks;
				PRODUCT_NAME = "$(TARGET_NAME)";
				SWIFT_VERSION = 5.0;
				TARGETED_DEVICE_FAMILY = "1,2";
			};
			name = Release;
		};
		1F47E4C022C97AE300F29911 /* Debug */ = {
			isa = XCBuildConfiguration;
			buildSettings = {
				ALWAYS_EMBED_SWIFT_STANDARD_LIBRARIES = YES;
				BUNDLE_LOADER = "$(TEST_HOST)";
				CODE_SIGN_STYLE = Automatic;
				DEVELOPMENT_TEAM = GDP24D6J8J;
				INFOPLIST_FILE = LandmarksTests/Info.plist;
				LD_RUNPATH_SEARCH_PATHS = (
					"$(inherited)",
					"@executable_path/Frameworks",
					"@loader_path/Frameworks",
				);
				PRODUCT_BUNDLE_IDENTIFIER = com.small.jeff.LandmarksTests;
				PRODUCT_NAME = "$(TARGET_NAME)";
				SWIFT_VERSION = 5.0;
				TARGETED_DEVICE_FAMILY = "1,2";
				TEST_HOST = "$(BUILT_PRODUCTS_DIR)/Landmarks.app/Landmarks";
			};
			name = Debug;
		};
		1F47E4C122C97AE300F29911 /* Release */ = {
			isa = XCBuildConfiguration;
			buildSettings = {
				ALWAYS_EMBED_SWIFT_STANDARD_LIBRARIES = YES;
				BUNDLE_LOADER = "$(TEST_HOST)";
				CODE_SIGN_STYLE = Automatic;
				DEVELOPMENT_TEAM = GDP24D6J8J;
				INFOPLIST_FILE = LandmarksTests/Info.plist;
				LD_RUNPATH_SEARCH_PATHS = (
					"$(inherited)",
					"@executable_path/Frameworks",
					"@loader_path/Frameworks",
				);
				PRODUCT_BUNDLE_IDENTIFIER = com.small.jeff.LandmarksTests;
				PRODUCT_NAME = "$(TARGET_NAME)";
				SWIFT_VERSION = 5.0;
				TARGETED_DEVICE_FAMILY = "1,2";
				TEST_HOST = "$(BUILT_PRODUCTS_DIR)/Landmarks.app/Landmarks";
			};
			name = Release;
		};
		1F47E4C322C97AE300F29911 /* Debug */ = {
			isa = XCBuildConfiguration;
			buildSettings = {
				ALWAYS_EMBED_SWIFT_STANDARD_LIBRARIES = YES;
				CODE_SIGN_STYLE = Automatic;
				DEVELOPMENT_TEAM = GDP24D6J8J;
				INFOPLIST_FILE = LandmarksUITests/Info.plist;
				LD_RUNPATH_SEARCH_PATHS = (
					"$(inherited)",
					"@executable_path/Frameworks",
					"@loader_path/Frameworks",
				);
				PRODUCT_BUNDLE_IDENTIFIER = com.small.jeff.LandmarksUITests;
				PRODUCT_NAME = "$(TARGET_NAME)";
				SWIFT_VERSION = 5.0;
				TARGETED_DEVICE_FAMILY = "1,2";
				TEST_TARGET_NAME = Landmarks;
			};
			name = Debug;
		};
		1F47E4C422C97AE300F29911 /* Release */ = {
			isa = XCBuildConfiguration;
			buildSettings = {
				ALWAYS_EMBED_SWIFT_STANDARD_LIBRARIES = YES;
				CODE_SIGN_STYLE = Automatic;
				DEVELOPMENT_TEAM = GDP24D6J8J;
				INFOPLIST_FILE = LandmarksUITests/Info.plist;
				LD_RUNPATH_SEARCH_PATHS = (
					"$(inherited)",
					"@executable_path/Frameworks",
					"@loader_path/Frameworks",
				);
				PRODUCT_BUNDLE_IDENTIFIER = com.small.jeff.LandmarksUITests;
				PRODUCT_NAME = "$(TARGET_NAME)";
				SWIFT_VERSION = 5.0;
				TARGETED_DEVICE_FAMILY = "1,2";
				TEST_TARGET_NAME = Landmarks;
			};
			name = Release;
		};
/* End XCBuildConfiguration section */

/* Begin XCConfigurationList section */
		1F47E48A22C97ADF00F29911 /* Build configuration list for PBXProject "Landmarks" */ = {
			isa = XCConfigurationList;
			buildConfigurations = (
				1F47E4BA22C97AE300F29911 /* Debug */,
				1F47E4BB22C97AE300F29911 /* Release */,
			);
			defaultConfigurationIsVisible = 0;
			defaultConfigurationName = Release;
		};
		1F47E4BC22C97AE300F29911 /* Build configuration list for PBXNativeTarget "Landmarks" */ = {
			isa = XCConfigurationList;
			buildConfigurations = (
				1F47E4BD22C97AE300F29911 /* Debug */,
				1F47E4BE22C97AE300F29911 /* Release */,
			);
			defaultConfigurationIsVisible = 0;
			defaultConfigurationName = Release;
		};
		1F47E4BF22C97AE300F29911 /* Build configuration list for PBXNativeTarget "LandmarksTests" */ = {
			isa = XCConfigurationList;
			buildConfigurations = (
				1F47E4C022C97AE300F29911 /* Debug */,
				1F47E4C122C97AE300F29911 /* Release */,
			);
			defaultConfigurationIsVisible = 0;
			defaultConfigurationName = Release;
		};
		1F47E4C222C97AE300F29911 /* Build configuration list for PBXNativeTarget "LandmarksUITests" */ = {
			isa = XCConfigurationList;
			buildConfigurations = (
				1F47E4C322C97AE300F29911 /* Debug */,
				1F47E4C422C97AE300F29911 /* Release */,
			);
			defaultConfigurationIsVisible = 0;
			defaultConfigurationName = Release;
		};
/* End XCConfigurationList section */

/* Begin XCVersionGroup section */
		1F47E49622C97ADF00F29911 /* Landmarks.xcdatamodeld */ = {
			isa = XCVersionGroup;
			children = (
				1F47E49722C97ADF00F29911 /* Landmarks.xcdatamodel */,
			);
			currentVersion = 1F47E49722C97ADF00F29911 /* Landmarks.xcdatamodel */;
			path = Landmarks.xcdatamodeld;
			sourceTree = "<group>";
			versionGroupType = wrapper.xcdatamodel;
		};
/* End XCVersionGroup section */
	};
	rootObject = 1F47E48722C97ADF00F29911 /* Project object */;
}
